
Microsoft Visual Studio Solution File, Format Version 11.00
# Visual Studio 2010
Project("{FAE04EC0-301F-11D3-BF4B-00C04F79EFBC}") = "submitExe", "submitExe\submitExe.csproj", "{55124389-A902-486C-857A-AB8D5EE575FE}"
EndProject
Global
	GlobalSection(SolutionConfigurationPlatforms) = preSolution
		Debug|x86 = Debug|x86
		Release|x86 = Release|x86
	EndGlobalSection
	GlobalSection(ProjectConfigurationPlatforms) = postSolution
		{55124389-A902-486C-857A-AB8D5EE575FE}.Debug|x86.ActiveCfg = Debug|x86
		{55124389-A902-486C-857A-AB8D5EE575FE}.Debug|x86.Build.0 = Debug|x86
		{55124389-A902-486C-857A-AB8D5EE575FE}.Release|x86.ActiveCfg = Release|x86
		{55124389-A902-486C-857A-AB8D5EE575FE}.Release|x86.Build.0 = Release|x86
	EndGlobalSection
	GlobalSection(SolutionProperties) = preSolution
		HideSolutionNode = FALSE
	EndGlobalSection
EndGlobal
